
Microsoft Visual Studio Solution File, Format Version 12.00
# Visual Studio 15
VisualStudioVersion = 15.0.28010.2041
MinimumVisualStudioVersion = 10.0.40219.1
Project("{FAE04EC0-301F-11D3-BF4B-00C04F79EFBC}") = "CG 14-2 (Calculator unit testing)", "CG 14-2 (Calculator unit testing)\CG 14-2 (Calculator unit testing).csproj", "{66A86AAF-8E59-4391-ABFC-8E5C0980B25B}"
EndProject
Project("{FAE04EC0-301F-11D3-BF4B-00C04F79EFBC}") = "calctest", "calctest\calctest.csproj", "{5074D045-A244-4CFA-9BBA-5F080FC71267}"
EndProject
Global
	GlobalSection(SolutionConfigurationPlatforms) = preSolution
		Debug|Any CPU = Debug|Any CPU
		Release|Any CPU = Release|Any CPU
	EndGlobalSection
	GlobalSection(ProjectConfigurationPlatforms) = postSolution
		{66A86AAF-8E59-4391-ABFC-8E5C0980B25B}.Debug|Any CPU.ActiveCfg = Debug|Any CPU
		{66A86AAF-8E59-4391-ABFC-8E5C0980B25B}.Debug|Any CPU.Build.0 = Debug|Any CPU
		{66A86AAF-8E59-4391-ABFC-8E5C0980B25B}.Release|Any CPU.ActiveCfg = Release|Any CPU
		{66A86AAF-8E59-4391-ABFC-8E5C0980B25B}.Release|Any CPU.Build.0 = Release|Any CPU
		{5074D045-A244-4CFA-9BBA-5F080FC71267}.Debug|Any CPU.ActiveCfg = Debug|Any CPU
		{5074D045-A244-4CFA-9BBA-5F080FC71267}.Debug|Any CPU.Build.0 = Debug|Any CPU
		{5074D045-A244-4CFA-9BBA-5F080FC71267}.Release|Any CPU.ActiveCfg = Release|Any CPU
		{5074D045-A244-4CFA-9BBA-5F080FC71267}.Release|Any CPU.Build.0 = Release|Any CPU
	EndGlobalSection
	GlobalSection(SolutionProperties) = preSolution
		HideSolutionNode = FALSE
	EndGlobalSection
	GlobalSection(ExtensibilityGlobals) = postSolution
		SolutionGuid = {C499EA8D-4FDA-4C9C-8D63-9719D9EB1943}
	EndGlobalSection
EndGlobal
